schema: '2.0'
stages:
  download_dataset_from_kaggle:
    cmd: python3 src/fer/data/download_dataset.py data/external/fer2013
    deps:
    - path: src/fer/data/download_dataset.py
      md5: 6bcca5eb57994094129ddedeaf6fd5a1
      size: 723
    outs:
    - path: data/external/fer2013
      md5: 3a60a2cf7073f0e142e1fc108e6f7949.dir
      size: 56510189
      nfiles: 35887
