schema: '2.0'
stages:
  train_model:
    cmd: python3 experiments/train.py experiments/configs/fer/train.yaml models/resnet_baseline.pt
    deps:
    - path: experiments/configs/fer/train.yaml
      md5: 63e96d1a8b85fc96f71f711acced6cce
      size: 744
    - path: experiments/train.py
      md5: e93f1e240575c2ddf320fd8ca4b09cfc
      size: 3587
    outs:
    - path: models/resnet_baseline.pt
      md5: 70f33f1d7dc0130d51086d2de954dd27
      size: 44812845
  download_dataset_from_kaggle:
    cmd: python3 experiments/data/download_dataset.py data/external/fer2013
    deps:
    - path: experiments/data/download_dataset.py
      md5: f24bbde905cb40ec4313cfeeb0abc5d5
      size: 657
    outs:
    - path: data/external/fer2013
      md5: 3a60a2cf7073f0e142e1fc108e6f7949.dir
      size: 56510189
      nfiles: 35887
  train_val_split:
    cmd: python3 experiments/data/make_learning_subsets.py data/external/fer2013 data/processed/fer2013
    deps:
    - path: data/external/fer2013
      md5: 3a60a2cf7073f0e142e1fc108e6f7949.dir
      size: 56510189
      nfiles: 35887
    - path: experiments/data/make_learning_subsets.py
      md5: 68c9be459fe253ca64506ebcac936e64
      size: 839
    outs:
    - path: data/processed/fer2013
      md5: 9ba59d357798902c441d3b2353ce1cec.dir
      size: 45185869
      nfiles: 28709
